// !$*UTF8*$!
{
	archiveVersion = 1;
	classes = {
	};
	objectVersion = 46;
	objects = {

/* Begin PBXBuildFile section */
		7E4DF95419B5E52700A9980E /* main.m in Sources */ = {isa = PBXBuildFile; fileRef = 7E4DF95319B5E52700A9980E /* main.m */; };
		7E4DF95719B5E52700A9980E /* AppDelegate.m in Sources */ = {isa = PBXBuildFile; fileRef = 7E4DF95619B5E52700A9980E /* AppDelegate.m */; };
		7E4DF95A19B5E52700A9980E /* ViewController.m in Sources */ = {isa = PBXBuildFile; fileRef = 7E4DF95919B5E52700A9980E /* ViewController.m */; };
		7E4DF95D19B5E52700A9980E /* Main.storyboard in Resources */ = {isa = PBXBuildFile; fileRef = 7E4DF95B19B5E52700A9980E /* Main.storyboard */; };
		7E4DF95F19B5E52700A9980E /* Images.xcassets in Resources */ = {isa = PBXBuildFile; fileRef = 7E4DF95E19B5E52700A9980E /* Images.xcassets */; };
		7E4DF96B19B5E52700A9980E /* TuxedoOnlineTests.m in Sources */ = {isa = PBXBuildFile; fileRef = 7E4DF96A19B5E52700A9980E /* TuxedoOnlineTests.m */; };
		7E4DF98019B5E68700A9980E /* DelaunayEdge.m in Sources */ = {isa = PBXBuildFile; fileRef = 7E4DF97719B5E68700A9980E /* DelaunayEdge.m */; };
		7E4DF98119B5E68700A9980E /* DelaunayPoint.m in Sources */ = {isa = PBXBuildFile; fileRef = 7E4DF97919B5E68700A9980E /* DelaunayPoint.m */; };
		7E4DF98219B5E68700A9980E /* DelaunayTriangle.m in Sources */ = {isa = PBXBuildFile; fileRef = 7E4DF97B19B5E68700A9980E /* DelaunayTriangle.m */; };
		7E4DF98319B5E68700A9980E /* DelaunayTriangulation.m in Sources */ = {isa = PBXBuildFile; fileRef = 7E4DF97D19B5E68700A9980E /* DelaunayTriangulation.m */; };
		7E4DF98419B5E68700A9980E /* VoronoiCell.m in Sources */ = {isa = PBXBuildFile; fileRef = 7E4DF97F19B5E68700A9980E /* VoronoiCell.m */; };
		7E4DF98B19B5E8A100A9980E /* coat_black.png in Resources */ = {isa = PBXBuildFile; fileRef = 7E4DF98719B5E8A100A9980E /* coat_black.png */; };
		7E4DF98C19B5E8A100A9980E /* coat_white.png in Resources */ = {isa = PBXBuildFile; fileRef = 7E4DF98819B5E8A100A9980E /* coat_white.png */; };
		7E4DF98D19B5E8A100A9980E /* pant_black.png in Resources */ = {isa = PBXBuildFile; fileRef = 7E4DF98919B5E8A100A9980E /* pant_black.png */; };
		7E4DF98E19B5E8A100A9980E /* pant_white.png in Resources */ = {isa = PBXBuildFile; fileRef = 7E4DF98A19B5E8A100A9980E /* pant_white.png */; };
		7E4DF99319B5EA2000A9980E /* QuartzCore.framework in Frameworks */ = {isa = PBXBuildFile; fileRef = 7E4DF99219B5EA2000A9980E /* QuartzCore.framework */; };
		7E4DF99619B5EADD00A9980E /* ZDFragmentsImageView.m in Sources */ = {isa = PBXBuildFile; fileRef = 7E4DF99519B5EADD00A9980E /* ZDFragmentsImageView.m */; };
		7E4DF99819B5FACE00A9980E /* CoreGraphics.framework in Frameworks */ = {isa = PBXBuildFile; fileRef = 7E4DF99719B5FACE00A9980E /* CoreGraphics.framework */; };
		7E4DF99B19B5FB9100A9980E /* VoronoiCell+GeometryAndImage.m in Sources */ = {isa = PBXBuildFile; fileRef = 7E4DF99A19B5FB9100A9980E /* VoronoiCell+GeometryAndImage.m */; };
		7E4DF99D19B613DC00A9980E /* Gray-Sky-Over-Ocean.jpg in Resources */ = {isa = PBXBuildFile; fileRef = 7E4DF99C19B613DC00A9980E /* Gray-Sky-Over-Ocean.jpg */; };
		7E4DF9A119B6267200A9980E /* DelaunayView.m in Sources */ = {isa = PBXBuildFile; fileRef = 7E4DF9A019B6267200A9980E /* DelaunayView.m */; };
		7EC80A4719B738B100193591 /* fIQueIEotX0.jpg in Resources */ = {isa = PBXBuildFile; fileRef = 7EC80A4619B738B100193591 /* fIQueIEotX0.jpg */; };
/* End PBXBuildFile section */

/* Begin PBXContainerItemProxy section */
		7E4DF96519B5E52700A9980E /* PBXContainerItemProxy */ = {
			isa = PBXContainerItemProxy;
			containerPortal = 7E4DF94619B5E52700A9980E /* Project object */;
			proxyType = 1;
			remoteGlobalIDString = 7E4DF94D19B5E52700A9980E;
			remoteInfo = TuxedoOnline;
		};
/* End PBXContainerItemProxy section */

/* Begin PBXFileReference section */
		7E4DF94E19B5E52700A9980E /* TuxedoOnline.app */ = {isa = PBXFileReference; explicitFileType = wrapper.application; includeInIndex = 0; path = TuxedoOnline.app; sourceTree = BUILT_PRODUCTS_DIR; };
		7E4DF95219B5E52700A9980E /* Info.plist */ = {isa = PBXFileReference; lastKnownFileType = text.plist.xml; path = Info.plist; sourceTree = "<group>"; };
		7E4DF95319B5E52700A9980E /* main.m */ = {isa = PBXFileReference; lastKnownFileType = sourcecode.c.objc; path = main.m; sourceTree = "<group>"; };
		7E4DF95519B5E52700A9980E /* AppDelegate.h */ = {isa = PBXFileReference; lastKnownFileType = sourcecode.c.h; path = AppDelegate.h; sourceTree = "<group>"; };
		7E4DF95619B5E52700A9980E /* AppDelegate.m */ = {isa = PBXFileReference; lastKnownFileType = sourcecode.c.objc; path = AppDelegate.m; sourceTree = "<group>"; };
		7E4DF95819B5E52700A9980E /* ViewController.h */ = {isa = PBXFileReference; lastKnownFileType = sourcecode.c.h; path = ViewController.h; sourceTree = "<group>"; };
		7E4DF95919B5E52700A9980E /* ViewController.m */ = {isa = PBXFileReference; lastKnownFileType = sourcecode.c.objc; path = ViewController.m; sourceTree = "<group>"; };
		7E4DF95C19B5E52700A9980E /* Base */ = {isa = PBXFileReference; lastKnownFileType = file.storyboard; name = Base; path = Base.lproj/Main.storyboard; sourceTree = "<group>"; };
		7E4DF95E19B5E52700A9980E /* Images.xcassets */ = {isa = PBXFileReference; lastKnownFileType = folder.assetcatalog; path = Images.xcassets; sourceTree = "<group>"; };
		7E4DF96419B5E52700A9980E /* TuxedoOnlineTests.xctest */ = {isa = PBXFileReference; explicitFileType = wrapper.cfbundle; includeInIndex = 0; path = TuxedoOnlineTests.xctest; sourceTree = BUILT_PRODUCTS_DIR; };
		7E4DF96919B5E52700A9980E /* Info.plist */ = {isa = PBXFileReference; lastKnownFileType = text.plist.xml; path = Info.plist; sourceTree = "<group>"; };
		7E4DF96A19B5E52700A9980E /* TuxedoOnlineTests.m */ = {isa = PBXFileReference; lastKnownFileType = sourcecode.c.objc; path = TuxedoOnlineTests.m; sourceTree = "<group>"; };
		7E4DF97619B5E68700A9980E /* DelaunayEdge.h */ = {isa = PBXFileReference; fileEncoding = 4; lastKnownFileType = sourcecode.c.h; path = DelaunayEdge.h; sourceTree = "<group>"; };
		7E4DF97719B5E68700A9980E /* DelaunayEdge.m */ = {isa = PBXFileReference; fileEncoding = 4; lastKnownFileType = sourcecode.c.objc; path = DelaunayEdge.m; sourceTree = "<group>"; };
		7E4DF97819B5E68700A9980E /* DelaunayPoint.h */ = {isa = PBXFileReference; fileEncoding = 4; lastKnownFileType = sourcecode.c.h; path = DelaunayPoint.h; sourceTree = "<group>"; };
		7E4DF97919B5E68700A9980E /* DelaunayPoint.m */ = {isa = PBXFileReference; fileEncoding = 4; lastKnownFileType = sourcecode.c.objc; path = DelaunayPoint.m; sourceTree = "<group>"; };
		7E4DF97A19B5E68700A9980E /* DelaunayTriangle.h */ = {isa = PBXFileReference; fileEncoding = 4; lastKnownFileType = sourcecode.c.h; path = DelaunayTriangle.h; sourceTree = "<group>"; };
		7E4DF97B19B5E68700A9980E /* DelaunayTriangle.m */ = {isa = PBXFileReference; fileEncoding = 4; lastKnownFileType = sourcecode.c.objc; path = DelaunayTriangle.m; sourceTree = "<group>"; };
		7E4DF97C19B5E68700A9980E /* DelaunayTriangulation.h */ = {isa = PBXFileReference; fileEncoding = 4; lastKnownFileType = sourcecode.c.h; path = DelaunayTriangulation.h; sourceTree = "<group>"; };
		7E4DF97D19B5E68700A9980E /* DelaunayTriangulation.m */ = {isa = PBXFileReference; fileEncoding = 4; lastKnownFileType = sourcecode.c.objc; path = DelaunayTriangulation.m; sourceTree = "<group>"; };
		7E4DF97E19B5E68700A9980E /* VoronoiCell.h */ = {isa = PBXFileReference; fileEncoding = 4; lastKnownFileType = sourcecode.c.h; path = VoronoiCell.h; sourceTree = "<group>"; };
		7E4DF97F19B5E68700A9980E /* VoronoiCell.m */ = {isa = PBXFileReference; fileEncoding = 4; lastKnownFileType = sourcecode.c.objc; path = VoronoiCell.m; sourceTree = "<group>"; };
		7E4DF98719B5E8A100A9980E /* coat_black.png */ = {isa = PBXFileReference; lastKnownFileType = image.png; path = coat_black.png; sourceTree = "<group>"; };
		7E4DF98819B5E8A100A9980E /* coat_white.png */ = {isa = PBXFileReference; lastKnownFileType = image.png; path = coat_white.png; sourceTree = "<group>"; };
		7E4DF98919B5E8A100A9980E /* pant_black.png */ = {isa = PBXFileReference; lastKnownFileType = image.png; path = pant_black.png; sourceTree = "<group>"; };
		7E4DF98A19B5E8A100A9980E /* pant_white.png */ = {isa = PBXFileReference; lastKnownFileType = image.png; path = pant_white.png; sourceTree = "<group>"; };
		7E4DF99219B5EA2000A9980E /* QuartzCore.framework */ = {isa = PBXFileReference; lastKnownFileType = wrapper.framework; name = QuartzCore.framework; path = System/Library/Frameworks/QuartzCore.framework; sourceTree = SDKROOT; };
		7E4DF99419B5EADD00A9980E /* ZDFragmentsImageView.h */ = {isa = PBXFileReference; fileEncoding = 4; lastKnownFileType = sourcecode.c.h; path = ZDFragmentsImageView.h; sourceTree = "<group>"; };
		7E4DF99519B5EADD00A9980E /* ZDFragmentsImageView.m */ = {isa = PBXFileReference; fileEncoding = 4; lastKnownFileType = sourcecode.c.objc; path = ZDFragmentsImageView.m; sourceTree = "<group>"; };
		7E4DF99719B5FACE00A9980E /* CoreGraphics.framework */ = {isa = PBXFileReference; lastKnownFileType = wrapper.framework; name = CoreGraphics.framework; path = System/Library/Frameworks/CoreGraphics.framework; sourceTree = SDKROOT; };
		7E4DF99919B5FB9100A9980E /* VoronoiCell+GeometryAndImage.h */ = {isa = PBXFileReference; fileEncoding = 4; lastKnownFileType = sourcecode.c.h; path = "VoronoiCell+GeometryAndImage.h"; sourceTree = "<group>"; };
		7E4DF99A19B5FB9100A9980E /* VoronoiCell+GeometryAndImage.m */ = {isa = PBXFileReference; fileEncoding = 4; lastKnownFileType = sourcecode.c.objc; path = "VoronoiCell+GeometryAndImage.m"; sourceTree = "<group>"; };
		7E4DF99C19B613DC00A9980E /* Gray-Sky-Over-Ocean.jpg */ = {isa = PBXFileReference; lastKnownFileType = image.jpeg; path = "Gray-Sky-Over-Ocean.jpg"; sourceTree = "<group>"; };
		7E4DF99E19B61E9E00A9980E /* TuxedoOnline.pch */ = {isa = PBXFileReference; lastKnownFileType = sourcecode.c.h; path = TuxedoOnline.pch; sourceTree = "<group>"; };
		7E4DF99F19B6267200A9980E /* DelaunayView.h */ = {isa = PBXFileReference; fileEncoding = 4; lastKnownFileType = sourcecode.c.h; path = DelaunayView.h; sourceTree = "<group>"; };
		7E4DF9A019B6267200A9980E /* DelaunayView.m */ = {isa = PBXFileReference; fileEncoding = 4; lastKnownFileType = sourcecode.c.objc; path = DelaunayView.m; sourceTree = "<group>"; };
		7EC80A4619B738B100193591 /* fIQueIEotX0.jpg */ = {isa = PBXFileReference; lastKnownFileType = image.jpeg; path = fIQueIEotX0.jpg; sourceTree = "<group>"; };
/* End PBXFileReference section */

/* Begin PBXFrameworksBuildPhase section */
		7E4DF94B19B5E52700A9980E /* Frameworks */ = {
			isa = PBXFrameworksBuildPhase;
			buildActionMask = 2147483647;
			files = (
				7E4DF99819B5FACE00A9980E /* CoreGraphics.framework in Frameworks */,
				7E4DF99319B5EA2000A9980E /* QuartzCore.framework in Frameworks */,
			);
			runOnlyForDeploymentPostprocessing = 0;
		};
		7E4DF96119B5E52700A9980E /* Frameworks */ = {
			isa = PBXFrameworksBuildPhase;
			buildActionMask = 2147483647;
			files = (
			);
			runOnlyForDeploymentPostprocessing = 0;
		};
/* End PBXFrameworksBuildPhase section */

/* Begin PBXGroup section */
		7E4DF94519B5E52700A9980E = {
			isa = PBXGroup;
			children = (
				7E4DF99719B5FACE00A9980E /* CoreGraphics.framework */,
				7E4DF99219B5EA2000A9980E /* QuartzCore.framework */,
				7E4DF95019B5E52700A9980E /* TuxedoOnline */,
				7E4DF96719B5E52700A9980E /* TuxedoOnlineTests */,
				7E4DF94F19B5E52700A9980E /* Products */,
			);
			sourceTree = "<group>";
		};
		7E4DF94F19B5E52700A9980E /* Products */ = {
			isa = PBXGroup;
			children = (
				7E4DF94E19B5E52700A9980E /* TuxedoOnline.app */,
				7E4DF96419B5E52700A9980E /* TuxedoOnlineTests.xctest */,
			);
			name = Products;
			sourceTree = "<group>";
		};
		7E4DF95019B5E52700A9980E /* TuxedoOnline */ = {
			isa = PBXGroup;
			children = (
				7E4DF95519B5E52700A9980E /* AppDelegate.h */,
				7E4DF95619B5E52700A9980E /* AppDelegate.m */,
				7E4DF95819B5E52700A9980E /* ViewController.h */,
				7E4DF95919B5E52700A9980E /* ViewController.m */,
				7E4DF99419B5EADD00A9980E /* ZDFragmentsImageView.h */,
				7E4DF99519B5EADD00A9980E /* ZDFragmentsImageView.m */,
				7E4DF99919B5FB9100A9980E /* VoronoiCell+GeometryAndImage.h */,
				7E4DF99A19B5FB9100A9980E /* VoronoiCell+GeometryAndImage.m */,
				7E4DF99F19B6267200A9980E /* DelaunayView.h */,
				7E4DF9A019B6267200A9980E /* DelaunayView.m */,
				7E4DF95B19B5E52700A9980E /* Main.storyboard */,
				7E4DF95E19B5E52700A9980E /* Images.xcassets */,
				7E4DF97419B5E68700A9980E /* ThirdParty */,
				7E4DF98519B5E8A100A9980E /* Resources */,
				7E4DF95119B5E52700A9980E /* Supporting Files */,
			);
			path = TuxedoOnline;
			sourceTree = "<group>";
		};
		7E4DF95119B5E52700A9980E /* Supporting Files */ = {
			isa = PBXGroup;
			children = (
				7E4DF95219B5E52700A9980E /* Info.plist */,
				7E4DF95319B5E52700A9980E /* main.m */,
				7E4DF99E19B61E9E00A9980E /* TuxedoOnline.pch */,
			);
			name = "Supporting Files";
			sourceTree = "<group>";
		};
		7E4DF96719B5E52700A9980E /* TuxedoOnlineTests */ = {
			isa = PBXGroup;
			children = (
				7E4DF96A19B5E52700A9980E /* TuxedoOnlineTests.m */,
				7E4DF96819B5E52700A9980E /* Supporting Files */,
			);
			path = TuxedoOnlineTests;
			sourceTree = "<group>";
		};
		7E4DF96819B5E52700A9980E /* Supporting Files */ = {
			isa = PBXGroup;
			children = (
				7E4DF96919B5E52700A9980E /* Info.plist */,
			);
			name = "Supporting Files";
			sourceTree = "<group>";
		};
		7E4DF97419B5E68700A9980E /* ThirdParty */ = {
			isa = PBXGroup;
			children = (
				7E4DF97519B5E68700A9980E /* Edgy */,
			);
			path = ThirdParty;
			sourceTree = "<group>";
		};
		7E4DF97519B5E68700A9980E /* Edgy */ = {
			isa = PBXGroup;
			children = (
				7E4DF97619B5E68700A9980E /* DelaunayEdge.h */,
				7E4DF97719B5E68700A9980E /* DelaunayEdge.m */,
				7E4DF97819B5E68700A9980E /* DelaunayPoint.h */,
				7E4DF97919B5E68700A9980E /* DelaunayPoint.m */,
				7E4DF97A19B5E68700A9980E /* DelaunayTriangle.h */,
				7E4DF97B19B5E68700A9980E /* DelaunayTriangle.m */,
				7E4DF97C19B5E68700A9980E /* DelaunayTriangulation.h */,
				7E4DF97D19B5E68700A9980E /* DelaunayTriangulation.m */,
				7E4DF97E19B5E68700A9980E /* VoronoiCell.h */,
				7E4DF97F19B5E68700A9980E /* VoronoiCell.m */,
			);
			path = Edgy;
			sourceTree = "<group>";
		};
		7E4DF98519B5E8A100A9980E /* Resources */ = {
			isa = PBXGroup;
			children = (
				7E4DF98619B5E8A100A9980E /* Images */,
			);
			path = Resources;
			sourceTree = "<group>";
		};
		7E4DF98619B5E8A100A9980E /* Images */ = {
			isa = PBXGroup;
			children = (
				7E4DF98719B5E8A100A9980E /* coat_black.png */,
				7E4DF98819B5E8A100A9980E /* coat_white.png */,
				7E4DF98919B5E8A100A9980E /* pant_black.png */,
				7E4DF98A19B5E8A100A9980E /* pant_white.png */,
				7E4DF99C19B613DC00A9980E /* Gray-Sky-Over-Ocean.jpg */,
				7EC80A4619B738B100193591 /* fIQueIEotX0.jpg */,
			);
			path = Images;
			sourceTree = "<group>";
		};
/* End PBXGroup section */

/* Begin PBXNativeTarget section */
		7E4DF94D19B5E52700A9980E /* TuxedoOnline */ = {
			isa = PBXNativeTarget;
			buildConfigurationList = 7E4DF96E19B5E52700A9980E /* Build configuration list for PBXNativeTarget "TuxedoOnline" */;
			buildPhases = (
				7E4DF94A19B5E52700A9980E /* Sources */,
				7E4DF94B19B5E52700A9980E /* Frameworks */,
				7E4DF94C19B5E52700A9980E /* Resources */,
			);
			buildRules = (
			);
			dependencies = (
			);
			name = TuxedoOnline;
			productName = TuxedoOnline;
			productReference = 7E4DF94E19B5E52700A9980E /* TuxedoOnline.app */;
			productType = "com.apple.product-type.application";
		};
		7E4DF96319B5E52700A9980E /* TuxedoOnlineTests */ = {
			isa = PBXNativeTarget;
			buildConfigurationList = 7E4DF97119B5E52700A9980E /* Build configuration list for PBXNativeTarget "TuxedoOnlineTests" */;
			buildPhases = (
				7E4DF96019B5E52700A9980E /* Sources */,
				7E4DF96119B5E52700A9980E /* Frameworks */,
				7E4DF96219B5E52700A9980E /* Resources */,
			);
			buildRules = (
			);
			dependencies = (
				7E4DF96619B5E52700A9980E /* PBXTargetDependency */,
			);
			name = TuxedoOnlineTests;
			productName = TuxedoOnlineTests;
			productReference = 7E4DF96419B5E52700A9980E /* TuxedoOnlineTests.xctest */;
			productType = "com.apple.product-type.bundle.unit-test";
		};
/* End PBXNativeTarget section */

/* Begin PBXProject section */
		7E4DF94619B5E52700A9980E /* Project object */ = {
			isa = PBXProject;
			attributes = {
				LastUpgradeCheck = 0600;
				ORGANIZATIONNAME = "The Men's Wearhouse";
				TargetAttributes = {
					7E4DF94D19B5E52700A9980E = {
						CreatedOnToolsVersion = 6.0;
					};
					7E4DF96319B5E52700A9980E = {
						CreatedOnToolsVersion = 6.0;
						TestTargetID = 7E4DF94D19B5E52700A9980E;
					};
				};
			};
			buildConfigurationList = 7E4DF94919B5E52700A9980E /* Build configuration list for PBXProject "TuxedoOnline" */;
			compatibilityVersion = "Xcode 3.2";
			developmentRegion = English;
			hasScannedForEncodings = 0;
			knownRegions = (
				en,
				Base,
			);
			mainGroup = 7E4DF94519B5E52700A9980E;
			productRefGroup = 7E4DF94F19B5E52700A9980E /* Products */;
			projectDirPath = "";
			projectRoot = "";
			targets = (
				7E4DF94D19B5E52700A9980E /* TuxedoOnline */,
				7E4DF96319B5E52700A9980E /* TuxedoOnlineTests */,
			);
		};
/* End PBXProject section */

/* Begin PBXResourcesBuildPhase section */
		7E4DF94C19B5E52700A9980E /* Resources */ = {
			isa = PBXResourcesBuildPhase;
			buildActionMask = 2147483647;
			files = (
				7E4DF98E19B5E8A100A9980E /* pant_white.png in Resources */,
				7EC80A4719B738B100193591 /* fIQueIEotX0.jpg in Resources */,
				7E4DF98C19B5E8A100A9980E /* coat_white.png in Resources */,
				7E4DF98D19B5E8A100A9980E /* pant_black.png in Resources */,
				7E4DF95D19B5E52700A9980E /* Main.storyboard in Resources */,
				7E4DF95F19B5E52700A9980E /* Images.xcassets in Resources */,
				7E4DF99D19B613DC00A9980E /* Gray-Sky-Over-Ocean.jpg in Resources */,
				7E4DF98B19B5E8A100A9980E /* coat_black.png in Resources */,
			);
			runOnlyForDeploymentPostprocessing = 0;
		};
		7E4DF96219B5E52700A9980E /* Resources */ = {
			isa = PBXResourcesBuildPhase;
			buildActionMask = 2147483647;
			files = (
			);
			runOnlyForDeploymentPostprocessing = 0;
		};
/* End PBXResourcesBuildPhase section */

/* Begin PBXSourcesBuildPhase section */
		7E4DF94A19B5E52700A9980E /* Sources */ = {
			isa = PBXSourcesBuildPhase;
			buildActionMask = 2147483647;
			files = (
				7E4DF99619B5EADD00A9980E /* ZDFragmentsImageView.m in Sources */,
				7E4DF98219B5E68700A9980E /* DelaunayTriangle.m in Sources */,
				7E4DF98119B5E68700A9980E /* DelaunayPoint.m in Sources */,
				7E4DF95A19B5E52700A9980E /* ViewController.m in Sources */,
				7E4DF99B19B5FB9100A9980E /* VoronoiCell+GeometryAndImage.m in Sources */,
				7E4DF98019B5E68700A9980E /* DelaunayEdge.m in Sources */,
				7E4DF9A119B6267200A9980E /* DelaunayView.m in Sources */,
				7E4DF98419B5E68700A9980E /* VoronoiCell.m in Sources */,
				7E4DF95719B5E52700A9980E /* AppDelegate.m in Sources */,
				7E4DF98319B5E68700A9980E /* DelaunayTriangulation.m in Sources */,
				7E4DF95419B5E52700A9980E /* main.m in Sources */,
			);
			runOnlyForDeploymentPostprocessing = 0;
		};
		7E4DF96019B5E52700A9980E /* Sources */ = {
			isa = PBXSourcesBuildPhase;
			buildActionMask = 2147483647;
			files = (
				7E4DF96B19B5E52700A9980E /* TuxedoOnlineTests.m in Sources */,
			);
			runOnlyForDeploymentPostprocessing = 0;
		};
/* End PBXSourcesBuildPhase section */

/* Begin PBXTargetDependency section */
		7E4DF96619B5E52700A9980E /* PBXTargetDependency */ = {
			isa = PBXTargetDependency;
			target = 7E4DF94D19B5E52700A9980E /* TuxedoOnline */;
			targetProxy = 7E4DF96519B5E52700A9980E /* PBXContainerItemProxy */;
		};
/* End PBXTargetDependency section */

/* Begin PBXVariantGroup section */
		7E4DF95B19B5E52700A9980E /* Main.storyboard */ = {
			isa = PBXVariantGroup;
			children = (
				7E4DF95C19B5E52700A9980E /* Base */,
			);
			name = Main.storyboard;
			sourceTree = "<group>";
		};
/* End PBXVariantGroup section */

/* Begin XCBuildConfiguration section */
		7E4DF96C19B5E52700A9980E /* Debug */ = {
			isa = XCBuildConfiguration;
			buildSettings = {
				ALWAYS_SEARCH_USER_PATHS = NO;
				CLANG_CXX_LANGUAGE_STANDARD = "gnu++0x";
				CLANG_CXX_LIBRARY = "libc++";
				CLANG_ENABLE_MODULES = YES;
				CLANG_ENABLE_OBJC_ARC = YES;
				CLANG_WARN_BOOL_CONVERSION = YES;
				CLANG_WARN_CONSTANT_CONVERSION = YES;
				CLANG_WARN_DIRECT_OBJC_ISA_USAGE = YES_ERROR;
				CLANG_WARN_EMPTY_BODY = YES;
				CLANG_WARN_ENUM_CONVERSION = YES;
				CLANG_WARN_INT_CONVERSION = YES;
				CLANG_WARN_OBJC_ROOT_CLASS = YES_ERROR;
				CLANG_WARN_UNREACHABLE_CODE = YES;
				CLANG_WARN__DUPLICATE_METHOD_MATCH = YES;
				"CODE_SIGN_IDENTITY[sdk=iphoneos*]" = "iPhone Developer";
				COPY_PHASE_STRIP = NO;
				ENABLE_STRICT_OBJC_MSGSEND = YES;
				GCC_C_LANGUAGE_STANDARD = gnu99;
				GCC_DYNAMIC_NO_PIC = NO;
				GCC_OPTIMIZATION_LEVEL = 0;
				GCC_PREPROCESSOR_DEFINITIONS = (
					"DEBUG=1",
					"$(inherited)",
				);
				GCC_SYMBOLS_PRIVATE_EXTERN = NO;
				GCC_WARN_64_TO_32_BIT_CONVERSION = YES;
				GCC_WARN_ABOUT_RETURN_TYPE = YES_ERROR;
				GCC_WARN_UNDECLARED_SELECTOR = YES;
				GCC_WARN_UNINITIALIZED_AUTOS = YES_AGGRESSIVE;
				GCC_WARN_UNUSED_FUNCTION = YES;
				GCC_WARN_UNUSED_VARIABLE = YES;
				IPHONEOS_DEPLOYMENT_TARGET = 8.0;
				MTL_ENABLE_DEBUG_INFO = YES;
				ONLY_ACTIVE_ARCH = YES;
				SDKROOT = iphoneos;
				TARGETED_DEVICE_FAMILY = "1,2";
			};
			name = Debug;
		};
		7E4DF96D19B5E52700A9980E /* Release */ = {
			isa = XCBuildConfiguration;
			buildSettings = {
				ALWAYS_SEARCH_USER_PATHS = NO;
				CLANG_CXX_LANGUAGE_STANDARD = "gnu++0x";
				CLANG_CXX_LIBRARY = "libc++";
				CLANG_ENABLE_MODULES = YES;
				CLANG_ENABLE_OBJC_ARC = YES;
				CLANG_WARN_BOOL_CONVERSION = YES;
				CLANG_WARN_CONSTANT_CONVERSION = YES;
				CLANG_WARN_DIRECT_OBJC_ISA_USAGE = YES_ERROR;
				CLANG_WARN_EMPTY_BODY = YES;
				CLANG_WARN_ENUM_CONVERSION = YES;
				CLANG_WARN_INT_CONVERSION = YES;
				CLANG_WARN_OBJC_ROOT_CLASS = YES_ERROR;
				CLANG_WARN_UNREACHABLE_CODE = YES;
				CLANG_WARN__DUPLICATE_METHOD_MATCH = YES;
				"CODE_SIGN_IDENTITY[sdk=iphoneos*]" = "iPhone Developer";
				COPY_PHASE_STRIP = YES;
				ENABLE_NS_ASSERTIONS = NO;
				ENABLE_STRICT_OBJC_MSGSEND = YES;
				GCC_C_LANGUAGE_STANDARD = gnu99;
				GCC_WARN_64_TO_32_BIT_CONVERSION = YES;
				GCC_WARN_ABOUT_RETURN_TYPE = YES_ERROR;
				GCC_WARN_UNDECLARED_SELECTOR = YES;
				GCC_WARN_UNINITIALIZED_AUTOS = YES_AGGRESSIVE;
				GCC_WARN_UNUSED_FUNCTION = YES;
				GCC_WARN_UNUSED_VARIABLE = YES;
				IPHONEOS_DEPLOYMENT_TARGET = 8.0;
				MTL_ENABLE_DEBUG_INFO = NO;
				SDKROOT = iphoneos;
				TARGETED_DEVICE_FAMILY = "1,2";
				VALIDATE_PRODUCT = YES;
			};
			name = Release;
		};
		7E4DF96F19B5E52700A9980E /* Debug */ = {
			isa = XCBuildConfiguration;
			buildSettings = {
				ASSETCATALOG_COMPILER_APPICON_NAME = AppIcon;
				ASSETCATALOG_COMPILER_LAUNCHIMAGE_NAME = LaunchImage;
				CLANG_ENABLE_MODULES = YES;
				GCC_PREFIX_HEADER = TuxedoOnline/TuxedoOnline.pch;
				INFOPLIST_FILE = TuxedoOnline/Info.plist;
				IPHONEOS_DEPLOYMENT_TARGET = 7.1;
				LD_RUNPATH_SEARCH_PATHS = "$(inherited) @executable_path/Frameworks";
				PRODUCT_NAME = "$(TARGET_NAME)";
				SWIFT_OBJC_BRIDGING_HEADER = "TuxedoOnline/TuxedoOnline-Bridging-Header.h";
				SWIFT_OPTIMIZATION_LEVEL = "-Onone";
			};
			name = Debug;
		};
		7E4DF97019B5E52700A9980E /* Release */ = {
			isa = XCBuildConfiguration;
			buildSettings = {
				ASSETCATALOG_COMPILER_APPICON_NAME = AppIcon;
				ASSETCATALOG_COMPILER_LAUNCHIMAGE_NAME = LaunchImage;
				CLANG_ENABLE_MODULES = YES;
				GCC_PREFIX_HEADER = TuxedoOnline/TuxedoOnline.pch;
				INFOPLIST_FILE = TuxedoOnline/Info.plist;
				IPHONEOS_DEPLOYMENT_TARGET = 7.1;
				LD_RUNPATH_SEARCH_PATHS = "$(inherited) @executable_path/Frameworks";
				PRODUCT_NAME = "$(TARGET_NAME)";
				SWIFT_OBJC_BRIDGING_HEADER = "TuxedoOnline/TuxedoOnline-Bridging-Header.h";
			};
			name = Release;
		};
		7E4DF97219B5E52700A9980E /* Debug */ = {
			isa = XCBuildConfiguration;
			buildSettings = {
				BUNDLE_LOADER = "$(TEST_HOST)";
				FRAMEWORK_SEARCH_PATHS = (
					"$(SDKROOT)/Developer/Library/Frameworks",
					"$(inherited)",
				);
				GCC_PREPROCESSOR_DEFINITIONS = (
					"DEBUG=1",
					"$(inherited)",
				);
				INFOPLIST_FILE = TuxedoOnlineTests/Info.plist;
				LD_RUNPATH_SEARCH_PATHS = "$(inherited) @executable_path/Frameworks @loader_path/Frameworks";
				PRODUCT_NAME = "$(TARGET_NAME)";
				TEST_HOST = "$(BUILT_PRODUCTS_DIR)/TuxedoOnline.app/TuxedoOnline";
			};
			name = Debug;
		};
		7E4DF97319B5E52700A9980E /* Release */ = {
			isa = XCBuildConfiguration;
			buildSettings = {
				BUNDLE_LOADER = "$(TEST_HOST)";
				FRAMEWORK_SEARCH_PATHS = (
					"$(SDKROOT)/Developer/Library/Frameworks",
					"$(inherited)",
				);
				INFOPLIST_FILE = TuxedoOnlineTests/Info.plist;
				LD_RUNPATH_SEARCH_PATHS = "$(inherited) @executable_path/Frameworks @loader_path/Frameworks";
				PRODUCT_NAME = "$(TARGET_NAME)";
				TEST_HOST = "$(BUILT_PRODUCTS_DIR)/TuxedoOnline.app/TuxedoOnline";
			};
			name = Release;
		};
/* End XCBuildConfiguration section */

/* Begin XCConfigurationList section */
		7E4DF94919B5E52700A9980E /* Build configuration list for PBXProject "TuxedoOnline" */ = {
			isa = XCConfigurationList;
			buildConfigurations = (
				7E4DF96C19B5E52700A9980E /* Debug */,
				7E4DF96D19B5E52700A9980E /* Release */,
			);
			defaultConfigurationIsVisible = 0;
			defaultConfigurationName = Release;
		};
		7E4DF96E19B5E52700A9980E /* Build configuration list for PBXNativeTarget "TuxedoOnline" */ = {
			isa = XCConfigurationList;
			buildConfigurations = (
				7E4DF96F19B5E52700A9980E /* Debug */,
				7E4DF97019B5E52700A9980E /* Release */,
			);
			defaultConfigurationIsVisible = 0;
			defaultConfigurationName = Release;
		};
		7E4DF97119B5E52700A9980E /* Build configuration list for PBXNativeTarget "TuxedoOnlineTests" */ = {
			isa = XCConfigurationList;
			buildConfigurations = (
				7E4DF97219B5E52700A9980E /* Debug */,
				7E4DF97319B5E52700A9980E /* Release */,
			);
			defaultConfigurationIsVisible = 0;
			defaultConfigurationName = Release;
		};
/* End XCConfigurationList section */
	};
	rootObject = 7E4DF94619B5E52700A9980E /* Project object */;
}
